github.com/SyahrulBhudiF/go-say-hello v0.0.0-20240629213802-935c47d06508 h1:jvc8CeW5fvcxbjZJi6QumtcsNmQvIAORJY38m6imXQk=
github.com/SyahrulBhudiF/go-say-hello v0.0.0-20240629213802-935c47d06508/go.mod h1:+ulXY/ObZKJlQE1LbvGADcADyhHBAFqD0/JtIhYU8P4=
github.com/SyahrulBhudiF/go-say-hello v1.5.0 h1:8JoDPa7jcXVcsRiuxVw0PU5R1UNQSY/kzyDOg3Fco7c=
github.com/SyahrulBhudiF/go-say-hello v1.5.0/go.mod h1:+ulXY/ObZKJlQE1LbvGADcADyhHBAFqD0/JtIhYU8P4=
